// !$*UTF8*$!
{
	archiveVersion = 1;
	classes = {
	};
	objectVersion = 46;
	objects = {

/* Begin PBXBuildFile section */
		B1AE0B85124BD16121435B70 /* Pods_Instagram.framework in Frameworks */ = {isa = PBXBuildFile; fileRef = 9A3134B61EA503998CC3E745 /* Pods_Instagram.framework */; };
		BF25C63C1C5F45540060132E /* AppDelegate.swift in Sources */ = {isa = PBXBuildFile; fileRef = BF25C63B1C5F45540060132E /* AppDelegate.swift */; };
		BF25C63E1C5F45540060132E /* PhotosViewController.swift in Sources */ = {isa = PBXBuildFile; fileRef = BF25C63D1C5F45540060132E /* PhotosViewController.swift */; };
		BF25C6411C5F45540060132E /* Main.storyboard in Resources */ = {isa = PBXBuildFile; fileRef = BF25C63F1C5F45540060132E /* Main.storyboard */; };
		BF25C6431C5F45540060132E /* Assets.xcassets in Resources */ = {isa = PBXBuildFile; fileRef = BF25C6421C5F45540060132E /* Assets.xcassets */; };
		BF25C6461C5F45540060132E /* LaunchScreen.storyboard in Resources */ = {isa = PBXBuildFile; fileRef = BF25C6441C5F45540060132E /* LaunchScreen.storyboard */; };
		BFFB3DEA1C5F554200FE8C6A /* photoCell.swift in Sources */ = {isa = PBXBuildFile; fileRef = BFFB3DE91C5F554200FE8C6A /* photoCell.swift */; };
/* End PBXBuildFile section */

/* Begin PBXFileReference section */
		5E26DC95C8882C2DF5BA9B50 /* Pods-Instagram.debug.xcconfig */ = {isa = PBXFileReference; includeInIndex = 1; lastKnownFileType = text.xcconfig; name = "Pods-Instagram.debug.xcconfig"; path = "Pods/Target Support Files/Pods-Instagram/Pods-Instagram.debug.xcconfig"; sourceTree = "<group>"; };
		9A3134B61EA503998CC3E745 /* Pods_Instagram.framework */ = {isa = PBXFileReference; explicitFileType = wrapper.framework; includeInIndex = 0; path = Pods_Instagram.framework; sourceTree = BUILT_PRODUCTS_DIR; };
		BF25C6381C5F45540060132E /* Instagram.app */ = {isa = PBXFileReference; explicitFileType = wrapper.application; includeInIndex = 0; path = Instagram.app; sourceTree = BUILT_PRODUCTS_DIR; };
		BF25C63B1C5F45540060132E /* AppDelegate.swift */ = {isa = PBXFileReference; lastKnownFileType = sourcecode.swift; path = AppDelegate.swift; sourceTree = "<group>"; };
		BF25C63D1C5F45540060132E /* PhotosViewController.swift */ = {isa = PBXFileReference; lastKnownFileType = sourcecode.swift; path = PhotosViewController.swift; sourceTree = "<group>"; };
		BF25C6401C5F45540060132E /* Base */ = {isa = PBXFileReference; lastKnownFileType = file.storyboard; name = Base; path = Base.lproj/Main.storyboard; sourceTree = "<group>"; };
		BF25C6421C5F45540060132E /* Assets.xcassets */ = {isa = PBXFileReference; lastKnownFileType = folder.assetcatalog; path = Assets.xcassets; sourceTree = "<group>"; };
		BF25C6451C5F45540060132E /* Base */ = {isa = PBXFileReference; lastKnownFileType = file.storyboard; name = Base; path = Base.lproj/LaunchScreen.storyboard; sourceTree = "<group>"; };
		BF25C6471C5F45540060132E /* Info.plist */ = {isa = PBXFileReference; lastKnownFileType = text.plist.xml; path = Info.plist; sourceTree = "<group>"; };
		BFFB3DE91C5F554200FE8C6A /* photoCell.swift */ = {isa = PBXFileReference; fileEncoding = 4; lastKnownFileType = sourcecode.swift; path = photoCell.swift; sourceTree = "<group>"; };
		E951A86A227F1688D187B156 /* Pods-Instagram.release.xcconfig */ = {isa = PBXFileReference; includeInIndex = 1; lastKnownFileType = text.xcconfig; name = "Pods-Instagram.release.xcconfig"; path = "Pods/Target Support Files/Pods-Instagram/Pods-Instagram.release.xcconfig"; sourceTree = "<group>"; };
/* End PBXFileReference section */

/* Begin PBXFrameworksBuildPhase section */
		BF25C6351C5F45540060132E /* Frameworks */ = {
			isa = PBXFrameworksBuildPhase;
			buildActionMask = 2147483647;
			files = (
				B1AE0B85124BD16121435B70 /* Pods_Instagram.framework in Frameworks */,
			);
			runOnlyForDeploymentPostprocessing = 0;
		};
/* End PBXFrameworksBuildPhase section */

/* Begin PBXGroup section */
		20318A73DA9366C465C84FC9 /* Pods */ = {
			isa = PBXGroup;
			children = (
				5E26DC95C8882C2DF5BA9B50 /* Pods-Instagram.debug.xcconfig */,
				E951A86A227F1688D187B156 /* Pods-Instagram.release.xcconfig */,
			);
			name = Pods;
			sourceTree = "<group>";
		};
		AFB682C1B4EEC44CE3C43229 /* Frameworks */ = {
			isa = PBXGroup;
			children = (
				9A3134B61EA503998CC3E745 /* Pods_Instagram.framework */,
			);
			name = Frameworks;
			sourceTree = "<group>";
		};
		BF25C62F1C5F45540060132E = {
			isa = PBXGroup;
			children = (
				BF25C63A1C5F45540060132E /* Instagram */,
				BF25C6391C5F45540060132E /* Products */,
				20318A73DA9366C465C84FC9 /* Pods */,
				AFB682C1B4EEC44CE3C43229 /* Frameworks */,
			);
			sourceTree = "<group>";
		};
		BF25C6391C5F45540060132E /* Products */ = {
			isa = PBXGroup;
			children = (
				BF25C6381C5F45540060132E /* Instagram.app */,
			);
			name = Products;
			sourceTree = "<group>";
		};
		BF25C63A1C5F45540060132E /* Instagram */ = {
			isa = PBXGroup;
			children = (
				BF25C63B1C5F45540060132E /* AppDelegate.swift */,
				BF25C63D1C5F45540060132E /* PhotosViewController.swift */,
				BF25C63F1C5F45540060132E /* Main.storyboard */,
				BFFB3DE91C5F554200FE8C6A /* photoCell.swift */,
				BF25C6421C5F45540060132E /* Assets.xcassets */,
				BF25C6441C5F45540060132E /* LaunchScreen.storyboard */,
				BF25C6471C5F45540060132E /* Info.plist */,
			);
			path = Instagram;
			sourceTree = "<group>";
		};
/* End PBXGroup section */

/* Begin PBXNativeTarget section */
		BF25C6371C5F45540060132E /* Instagram */ = {
			isa = PBXNativeTarget;
			buildConfigurationList = BF25C64A1C5F45540060132E /* Build configuration list for PBXNativeTarget "Instagram" */;
			buildPhases = (
				6C883D6AE1D26D4D61FA2108 /* Check Pods Manifest.lock */,
				BF25C6341C5F45540060132E /* Sources */,
				BF25C6351C5F45540060132E /* Frameworks */,
				BF25C6361C5F45540060132E /* Resources */,
				5F885434FCB1B9F95F3FD5EA /* Embed Pods Frameworks */,
				6024C792C58BDDBF7CC421EA /* Copy Pods Resources */,
			);
			buildRules = (
			);
			dependencies = (
			);
			name = Instagram;
			productName = Instagram;
			productReference = BF25C6381C5F45540060132E /* Instagram.app */;
			productType = "com.apple.product-type.application";
		};
/* End PBXNativeTarget section */

/* Begin PBXProject section */
		BF25C6301C5F45540060132E /* Project object */ = {
			isa = PBXProject;
			attributes = {
				LastSwiftUpdateCheck = 0720;
				LastUpgradeCheck = 0720;
				ORGANIZATIONNAME = codepath;
				TargetAttributes = {
					BF25C6371C5F45540060132E = {
						CreatedOnToolsVersion = 7.2;
					};
				};
			};
			buildConfigurationList = BF25C6331C5F45540060132E /* Build configuration list for PBXProject "Instagram" */;
			compatibilityVersion = "Xcode 3.2";
			developmentRegion = English;
			hasScannedForEncodings = 0;
			knownRegions = (
				en,
				Base,
			);
			mainGroup = BF25C62F1C5F45540060132E;
			productRefGroup = BF25C6391C5F45540060132E /* Products */;
			projectDirPath = "";
			projectRoot = "";
			targets = (
				BF25C6371C5F45540060132E /* Instagram */,
			);
		};
/* End PBXProject section */

/* Begin PBXResourcesBuildPhase section */
		BF25C6361C5F45540060132E /* Resources */ = {
			isa = PBXResourcesBuildPhase;
			buildActionMask = 2147483647;
			files = (
				BF25C6461C5F45540060132E /* LaunchScreen.storyboard in Resources */,
				BF25C6431C5F45540060132E /* Assets.xcassets in Resources */,
				BF25C6411C5F45540060132E /* Main.storyboard in Resources */,
			);
			runOnlyForDeploymentPostprocessing = 0;
		};
/* End PBXResourcesBuildPhase section */

/* Begin PBXShellScriptBuildPhase section */
		5F885434FCB1B9F95F3FD5EA /* Embed Pods Frameworks */ = {
			isa = PBXShellScriptBuildPhase;
			buildActionMask = 2147483647;
			files = (
			);
			inputPaths = (
			);
			name = "Embed Pods Frameworks";
			outputPaths = (
			);
			runOnlyForDeploymentPostprocessing = 0;
			shellPath = /bin/sh;
			shellScript = "\"${SRCROOT}/Pods/Target Support Files/Pods-Instagram/Pods-Instagram-frameworks.sh\"\n";
			showEnvVarsInLog = 0;
		};
		6024C792C58BDDBF7CC421EA /* Copy Pods Resources */ = {
			isa = PBXShellScriptBuildPhase;
			buildActionMask = 2147483647;
			files = (
			);
			inputPaths = (
			);
			name = "Copy Pods Resources";
			outputPaths = (
			);
			runOnlyForDeploymentPostprocessing = 0;
			shellPath = /bin/sh;
			shellScript = "\"${SRCROOT}/Pods/Target Support Files/Pods-Instagram/Pods-Instagram-resources.sh\"\n";
			showEnvVarsInLog = 0;
		};
		6C883D6AE1D26D4D61FA2108 /* Check Pods Manifest.lock */ = {
			isa = PBXShellScriptBuildPhase;
			buildActionMask = 2147483647;
			files = (
			);
			inputPaths = (
			);
			name = "Check Pods Manifest.lock";
			outputPaths = (
			);
			runOnlyForDeploymentPostprocessing = 0;
			shellPath = /bin/sh;
			shellScript = "diff \"${PODS_ROOT}/../Podfile.lock\" \"${PODS_ROOT}/Manifest.lock\" > /dev/null\nif [[ $? != 0 ]] ; then\n    cat << EOM\nerror: The sandbox is not in sync with the Podfile.lock. Run 'pod install' or update your CocoaPods installation.\nEOM\n    exit 1\nfi\n";
			showEnvVarsInLog = 0;
		};
/* End PBXShellScriptBuildPhase section */

/* Begin PBXSourcesBuildPhase section */
		BF25C6341C5F45540060132E /* Sources */ = {
			isa = PBXSourcesBuildPhase;
			buildActionMask = 2147483647;
			files = (
				BF25C63E1C5F45540060132E /* PhotosViewController.swift in Sources */,
				BF25C63C1C5F45540060132E /* AppDelegate.swift in Sources */,
				BFFB3DEA1C5F554200FE8C6A /* photoCell.swift in Sources */,
			);
			runOnlyForDeploymentPostprocessing = 0;
		};
/* End PBXSourcesBuildPhase section */

/* Begin PBXVariantGroup section */
		BF25C63F1C5F45540060132E /* Main.storyboard */ = {
			isa = PBXVariantGroup;
			children = (
				BF25C6401C5F45540060132E /* Base */,
			);
			name = Main.storyboard;
			sourceTree = "<group>";
		};
		BF25C6441C5F45540060132E /* LaunchScreen.storyboard */ = {
			isa = PBXVariantGroup;
			children = (
				BF25C6451C5F45540060132E /* Base */,
			);
			name = LaunchScreen.storyboard;
			sourceTree = "<group>";
		};
/* End PBXVariantGroup section */

/* Begin XCBuildConfiguration section */
		BF25C6481C5F45540060132E /* Debug */ = {
			isa = XCBuildConfiguration;
			buildSettings = {
				ALWAYS_SEARCH_USER_PATHS = NO;
				CLANG_CXX_LANGUAGE_STANDARD = "gnu++0x";
				CLANG_CXX_LIBRARY = "libc++";
				CLANG_ENABLE_MODULES = YES;
				CLANG_ENABLE_OBJC_ARC = YES;
				CLANG_WARN_BOOL_CONVERSION = YES;
				CLANG_WARN_CONSTANT_CONVERSION = YES;
				CLANG_WARN_DIRECT_OBJC_ISA_USAGE = YES_ERROR;
				CLANG_WARN_EMPTY_BODY = YES;
				CLANG_WARN_ENUM_CONVERSION = YES;
				CLANG_WARN_INT_CONVERSION = YES;
				CLANG_WARN_OBJC_ROOT_CLASS = YES_ERROR;
				CLANG_WARN_UNREACHABLE_CODE = YES;
				CLANG_WARN__DUPLICATE_METHOD_MATCH = YES;
				"CODE_SIGN_IDENTITY[sdk=iphoneos*]" = "iPhone Developer";
				COPY_PHASE_STRIP = NO;
				DEBUG_INFORMATION_FORMAT = dwarf;
				ENABLE_STRICT_OBJC_MSGSEND = YES;
				ENABLE_TESTABILITY = YES;
				GCC_C_LANGUAGE_STANDARD = gnu99;
				GCC_DYNAMIC_NO_PIC = NO;
				GCC_NO_COMMON_BLOCKS = YES;
				GCC_OPTIMIZATION_LEVEL = 0;
				GCC_PREPROCESSOR_DEFINITIONS = (
					"DEBUG=1",
					"$(inherited)",
				);
				GCC_WARN_64_TO_32_BIT_CONVERSION = YES;
				GCC_WARN_ABOUT_RETURN_TYPE = YES_ERROR;
				GCC_WARN_UNDECLARED_SELECTOR = YES;
				GCC_WARN_UNINITIALIZED_AUTOS = YES_AGGRESSIVE;
				GCC_WARN_UNUSED_FUNCTION = YES;
				GCC_WARN_UNUSED_VARIABLE = YES;
				IPHONEOS_DEPLOYMENT_TARGET = 9.2;
				MTL_ENABLE_DEBUG_INFO = YES;
				ONLY_ACTIVE_ARCH = YES;
				SDKROOT = iphoneos;
				SWIFT_OPTIMIZATION_LEVEL = "-Onone";
			};
			name = Debug;
		};
		BF25C6491C5F45540060132E /* Release */ = {
			isa = XCBuildConfiguration;
			buildSettings = {
				ALWAYS_SEARCH_USER_PATHS = NO;
				CLANG_CXX_LANGUAGE_STANDARD = "gnu++0x";
				CLANG_CXX_LIBRARY = "libc++";
				CLANG_ENABLE_MODULES = YES;
				CLANG_ENABLE_OBJC_ARC = YES;
				CLANG_WARN_BOOL_CONVERSION = YES;
				CLANG_WARN_CONSTANT_CONVERSION = YES;
				CLANG_WARN_DIRECT_OBJC_ISA_USAGE = YES_ERROR;
				CLANG_WARN_EMPTY_BODY = YES;
				CLANG_WARN_ENUM_CONVERSION = YES;
				CLANG_WARN_INT_CONVERSION = YES;
				CLANG_WARN_OBJC_ROOT_CLASS = YES_ERROR;
				CLANG_WARN_UNREACHABLE_CODE = YES;
				CLANG_WARN__DUPLICATE_METHOD_MATCH = YES;
				"CODE_SIGN_IDENTITY[sdk=iphoneos*]" = "iPhone Developer";
				COPY_PHASE_STRIP = NO;
				DEBUG_INFORMATION_FORMAT = "dwarf-with-dsym";
				ENABLE_NS_ASSERTIONS = NO;
				ENABLE_STRICT_OBJC_MSGSEND = YES;
				GCC_C_LANGUAGE_STANDARD = gnu99;
				GCC_NO_COMMON_BLOCKS = YES;
				GCC_WARN_64_TO_32_BIT_CONVERSION = YES;
				GCC_WARN_ABOUT_RETURN_TYPE = YES_ERROR;
				GCC_WARN_UNDECLARED_SELECTOR = YES;
				GCC_WARN_UNINITIALIZED_AUTOS = YES_AGGRESSIVE;
				GCC_WARN_UNUSED_FUNCTION = YES;
				GCC_WARN_UNUSED_VARIABLE = YES;
				IPHONEOS_DEPLOYMENT_TARGET = 9.2;
				MTL_ENABLE_DEBUG_INFO = NO;
				SDKROOT = iphoneos;
				VALIDATE_PRODUCT = YES;
			};
			name = Release;
		};
		BF25C64B1C5F45540060132E /* Debug */ = {
			isa = XCBuildConfiguration;
			baseConfigurationReference = 5E26DC95C8882C2DF5BA9B50 /* Pods-Instagram.debug.xcconfig */;
			buildSettings = {
				ASSETCATALOG_COMPILER_APPICON_NAME = AppIcon;
				INFOPLIST_FILE = Instagram/Info.plist;
				LD_RUNPATH_SEARCH_PATHS = "$(inherited) @executable_path/Frameworks";
				PRODUCT_BUNDLE_IDENTIFIER = com.pema.Instagram;
				PRODUCT_NAME = "$(TARGET_NAME)";
			};
			name = Debug;
		};
		BF25C64C1C5F45540060132E /* Release */ = {
			isa = XCBuildConfiguration;
			baseConfigurationReference = E951A86A227F1688D187B156 /* Pods-Instagram.release.xcconfig */;
			buildSettings = {
				ASSETCATALOG_COMPILER_APPICON_NAME = AppIcon;
				INFOPLIST_FILE = Instagram/Info.plist;
				LD_RUNPATH_SEARCH_PATHS = "$(inherited) @executable_path/Frameworks";
				PRODUCT_BUNDLE_IDENTIFIER = com.pema.Instagram;
				PRODUCT_NAME = "$(TARGET_NAME)";
			};
			name = Release;
		};
/* End XCBuildConfiguration section */

/* Begin XCConfigurationList section */
		BF25C6331C5F45540060132E /* Build configuration list for PBXProject "Instagram" */ = {
			isa = XCConfigurationList;
			buildConfigurations = (
				BF25C6481C5F45540060132E /* Debug */,
				BF25C6491C5F45540060132E /* Release */,
			);
			defaultConfigurationIsVisible = 0;
			defaultConfigurationName = Release;
		};
		BF25C64A1C5F45540060132E /* Build configuration list for PBXNativeTarget "Instagram" */ = {
			isa = XCConfigurationList;
			buildConfigurations = (
				BF25C64B1C5F45540060132E /* Debug */,
				BF25C64C1C5F45540060132E /* Release */,
			);
			defaultConfigurationIsVisible = 0;
			defaultConfigurationName = Release;
		};
/* End XCConfigurationList section */
	};
	rootObject = BF25C6301C5F45540060132E /* Project object */;
}
